// !$*UTF8*$!
{
	archiveVersion = 1;
	classes = {
	};
	objectVersion = 46;
	objects = {

/* Begin PBXBuildFile section */
		120C37F01866114B00D27EAA /* libz.dylib in Frameworks */ = {isa = PBXBuildFile; fileRef = 120C37EF1866114B00D27EAA /* libz.dylib */; };
		121F3AF01863B2280017E6C3 /* Foundation.framework in Frameworks */ = {isa = PBXBuildFile; fileRef = 121F3AEF1863B2280017E6C3 /* Foundation.framework */; };
		121F3AF21863B2280017E6C3 /* CoreGraphics.framework in Frameworks */ = {isa = PBXBuildFile; fileRef = 121F3AF11863B2280017E6C3 /* CoreGraphics.framework */; };
		121F3AF41863B2280017E6C3 /* UIKit.framework in Frameworks */ = {isa = PBXBuildFile; fileRef = 121F3AF31863B2280017E6C3 /* UIKit.framework */; };
		121F3AFA1863B2280017E6C3 /* InfoPlist.strings in Resources */ = {isa = PBXBuildFile; fileRef = 121F3AF81863B2280017E6C3 /* InfoPlist.strings */; };
		121F3AFC1863B2280017E6C3 /* main.m in Sources */ = {isa = PBXBuildFile; fileRef = 121F3AFB1863B2280017E6C3 /* main.m */; };
		121F3B001863B2280017E6C3 /* AppDelegate.m in Sources */ = {isa = PBXBuildFile; fileRef = 121F3AFF1863B2280017E6C3 /* AppDelegate.m */; };
		121F3B031863B2280017E6C3 /* Main_iPhone.storyboard in Resources */ = {isa = PBXBuildFile; fileRef = 121F3B011863B2280017E6C3 /* Main_iPhone.storyboard */; };
		121F3B061863B2280017E6C3 /* Main_iPad.storyboard in Resources */ = {isa = PBXBuildFile; fileRef = 121F3B041863B2280017E6C3 /* Main_iPad.storyboard */; };
		121F3B091863B2280017E6C3 /* MasterViewController.m in Sources */ = {isa = PBXBuildFile; fileRef = 121F3B081863B2280017E6C3 /* MasterViewController.m */; };
		121F3B0C1863B2280017E6C3 /* DetailViewController.m in Sources */ = {isa = PBXBuildFile; fileRef = 121F3B0B1863B2280017E6C3 /* DetailViewController.m */; };
		121F3B0E1863B2280017E6C3 /* Images.xcassets in Resources */ = {isa = PBXBuildFile; fileRef = 121F3B0D1863B2280017E6C3 /* Images.xcassets */; };
		121F3B151863B2280017E6C3 /* XCTest.framework in Frameworks */ = {isa = PBXBuildFile; fileRef = 121F3B141863B2280017E6C3 /* XCTest.framework */; };
		121F3B161863B2280017E6C3 /* Foundation.framework in Frameworks */ = {isa = PBXBuildFile; fileRef = 121F3AEF1863B2280017E6C3 /* Foundation.framework */; };
		121F3B171863B2280017E6C3 /* UIKit.framework in Frameworks */ = {isa = PBXBuildFile; fileRef = 121F3AF31863B2280017E6C3 /* UIKit.framework */; };
		121F3B1F1863B2280017E6C3 /* InfoPlist.strings in Resources */ = {isa = PBXBuildFile; fileRef = 121F3B1D1863B2280017E6C3 /* InfoPlist.strings */; };
		121F3B211863B2280017E6C3 /* WeechatTests.m in Sources */ = {isa = PBXBuildFile; fileRef = 121F3B201863B2280017E6C3 /* WeechatTests.m */; };
		121F3B2C1864AD0E0017E6C3 /* SettingsViewController.m in Sources */ = {isa = PBXBuildFile; fileRef = 121F3B2B1864AD0E0017E6C3 /* SettingsViewController.m */; };
		121F3B301864CCBC0017E6C3 /* warning.png in Resources */ = {isa = PBXBuildFile; fileRef = 121F3B2F1864CCBC0017E6C3 /* warning.png */; };
		121F3B321864DA4C0017E6C3 /* Settings.bundle in Resources */ = {isa = PBXBuildFile; fileRef = 121F3B311864DA4C0017E6C3 /* Settings.bundle */; };
		121F3B3518650C120017E6C3 /* WeechatRelayHandler.m in Sources */ = {isa = PBXBuildFile; fileRef = 121F3B3418650C120017E6C3 /* WeechatRelayHandler.m */; };
		121F3B39186545160017E6C3 /* GZIP.m in Sources */ = {isa = PBXBuildFile; fileRef = 121F3B38186545160017E6C3 /* GZIP.m */; };
/* End PBXBuildFile section */

/* Begin PBXContainerItemProxy section */
		121F3B181863B2280017E6C3 /* PBXContainerItemProxy */ = {
			isa = PBXContainerItemProxy;
			containerPortal = 121F3AE41863B2280017E6C3 /* Project object */;
			proxyType = 1;
			remoteGlobalIDString = 121F3AEB1863B2280017E6C3;
			remoteInfo = Weechat;
		};
/* End PBXContainerItemProxy section */

/* Begin PBXFileReference section */
		120C37EF1866114B00D27EAA /* libz.dylib */ = {isa = PBXFileReference; lastKnownFileType = "compiled.mach-o.dylib"; name = libz.dylib; path = usr/lib/libz.dylib; sourceTree = SDKROOT; };
		121F3AEC1863B2280017E6C3 /* Weechat.app */ = {isa = PBXFileReference; explicitFileType = wrapper.application; includeInIndex = 0; path = Weechat.app; sourceTree = BUILT_PRODUCTS_DIR; };
		121F3AEF1863B2280017E6C3 /* Foundation.framework */ = {isa = PBXFileReference; lastKnownFileType = wrapper.framework; name = Foundation.framework; path = System/Library/Frameworks/Foundation.framework; sourceTree = SDKROOT; };
		121F3AF11863B2280017E6C3 /* CoreGraphics.framework */ = {isa = PBXFileReference; lastKnownFileType = wrapper.framework; name = CoreGraphics.framework; path = System/Library/Frameworks/CoreGraphics.framework; sourceTree = SDKROOT; };
		121F3AF31863B2280017E6C3 /* UIKit.framework */ = {isa = PBXFileReference; lastKnownFileType = wrapper.framework; name = UIKit.framework; path = System/Library/Frameworks/UIKit.framework; sourceTree = SDKROOT; };
		121F3AF71863B2280017E6C3 /* Weechat-Info.plist */ = {isa = PBXFileReference; lastKnownFileType = text.plist.xml; path = "Weechat-Info.plist"; sourceTree = "<group>"; };
		121F3AF91863B2280017E6C3 /* en */ = {isa = PBXFileReference; lastKnownFileType = text.plist.strings; name = en; path = en.lproj/InfoPlist.strings; sourceTree = "<group>"; };
		121F3AFB1863B2280017E6C3 /* main.m */ = {isa = PBXFileReference; lastKnownFileType = sourcecode.c.objc; path = main.m; sourceTree = "<group>"; };
		121F3AFD1863B2280017E6C3 /* Weechat-Prefix.pch */ = {isa = PBXFileReference; lastKnownFileType = sourcecode.c.h; path = "Weechat-Prefix.pch"; sourceTree = "<group>"; };
		121F3AFE1863B2280017E6C3 /* AppDelegate.h */ = {isa = PBXFileReference; lastKnownFileType = sourcecode.c.h; path = AppDelegate.h; sourceTree = "<group>"; };
		121F3AFF1863B2280017E6C3 /* AppDelegate.m */ = {isa = PBXFileReference; lastKnownFileType = sourcecode.c.objc; path = AppDelegate.m; sourceTree = "<group>"; };
		121F3B021863B2280017E6C3 /* Base */ = {isa = PBXFileReference; lastKnownFileType = file.storyboard; name = Base; path = Base.lproj/Main_iPhone.storyboard; sourceTree = "<group>"; };
		121F3B051863B2280017E6C3 /* Base */ = {isa = PBXFileReference; lastKnownFileType = file.storyboard; name = Base; path = Base.lproj/Main_iPad.storyboard; sourceTree = "<group>"; };
		121F3B071863B2280017E6C3 /* MasterViewController.h */ = {isa = PBXFileReference; lastKnownFileType = sourcecode.c.h; path = MasterViewController.h; sourceTree = "<group>"; };
		121F3B081863B2280017E6C3 /* MasterViewController.m */ = {isa = PBXFileReference; lastKnownFileType = sourcecode.c.objc; path = MasterViewController.m; sourceTree = "<group>"; };
		121F3B0A1863B2280017E6C3 /* DetailViewController.h */ = {isa = PBXFileReference; lastKnownFileType = sourcecode.c.h; path = DetailViewController.h; sourceTree = "<group>"; };
		121F3B0B1863B2280017E6C3 /* DetailViewController.m */ = {isa = PBXFileReference; lastKnownFileType = sourcecode.c.objc; path = DetailViewController.m; sourceTree = "<group>"; };
		121F3B0D1863B2280017E6C3 /* Images.xcassets */ = {isa = PBXFileReference; lastKnownFileType = folder.assetcatalog; path = Images.xcassets; sourceTree = "<group>"; };
		121F3B131863B2280017E6C3 /* WeechatTests.xctest */ = {isa = PBXFileReference; explicitFileType = wrapper.cfbundle; includeInIndex = 0; path = WeechatTests.xctest; sourceTree = BUILT_PRODUCTS_DIR; };
		121F3B141863B2280017E6C3 /* XCTest.framework */ = {isa = PBXFileReference; lastKnownFileType = wrapper.framework; name = XCTest.framework; path = Library/Frameworks/XCTest.framework; sourceTree = DEVELOPER_DIR; };
		121F3B1C1863B2280017E6C3 /* WeechatTests-Info.plist */ = {isa = PBXFileReference; lastKnownFileType = text.plist.xml; path = "WeechatTests-Info.plist"; sourceTree = "<group>"; };
		121F3B1E1863B2280017E6C3 /* en */ = {isa = PBXFileReference; lastKnownFileType = text.plist.strings; name = en; path = en.lproj/InfoPlist.strings; sourceTree = "<group>"; };
		121F3B201863B2280017E6C3 /* WeechatTests.m */ = {isa = PBXFileReference; lastKnownFileType = sourcecode.c.objc; path = WeechatTests.m; sourceTree = "<group>"; };
		121F3B2A1864AD0E0017E6C3 /* SettingsViewController.h */ = {isa = PBXFileReference; fileEncoding = 4; lastKnownFileType = sourcecode.c.h; path = SettingsViewController.h; sourceTree = "<group>"; };
		121F3B2B1864AD0E0017E6C3 /* SettingsViewController.m */ = {isa = PBXFileReference; fileEncoding = 4; lastKnownFileType = sourcecode.c.objc; path = SettingsViewController.m; sourceTree = "<group>"; };
		121F3B2F1864CCBC0017E6C3 /* warning.png */ = {isa = PBXFileReference; lastKnownFileType = image.png; path = warning.png; sourceTree = "<group>"; };
		121F3B311864DA4C0017E6C3 /* Settings.bundle */ = {isa = PBXFileReference; lastKnownFileType = "wrapper.plug-in"; path = Settings.bundle; sourceTree = "<group>"; };
		121F3B3318650C120017E6C3 /* WeechatRelayHandler.h */ = {isa = PBXFileReference; fileEncoding = 4; lastKnownFileType = sourcecode.c.h; path = WeechatRelayHandler.h; sourceTree = "<group>"; };
		121F3B3418650C120017E6C3 /* WeechatRelayHandler.m */ = {isa = PBXFileReference; fileEncoding = 4; lastKnownFileType = sourcecode.c.objc; path = WeechatRelayHandler.m; sourceTree = "<group>"; };
		121F3B37186545160017E6C3 /* GZIP.h */ = {isa = PBXFileReference; fileEncoding = 4; lastKnownFileType = sourcecode.c.h; path = GZIP.h; sourceTree = "<group>"; };
		121F3B38186545160017E6C3 /* GZIP.m */ = {isa = PBXFileReference; fileEncoding = 4; lastKnownFileType = sourcecode.c.objc; path = GZIP.m; sourceTree = "<group>"; };
/* End PBXFileReference section */

/* Begin PBXFrameworksBuildPhase section */
		121F3AE91863B2280017E6C3 /* Frameworks */ = {
			isa = PBXFrameworksBuildPhase;
			buildActionMask = 2147483647;
			files = (
				120C37F01866114B00D27EAA /* libz.dylib in Frameworks */,
				121F3AF21863B2280017E6C3 /* CoreGraphics.framework in Frameworks */,
				121F3AF41863B2280017E6C3 /* UIKit.framework in Frameworks */,
				121F3AF01863B2280017E6C3 /* Foundation.framework in Frameworks */,
			);
			runOnlyForDeploymentPostprocessing = 0;
		};
		121F3B101863B2280017E6C3 /* Frameworks */ = {
			isa = PBXFrameworksBuildPhase;
			buildActionMask = 2147483647;
			files = (
				121F3B151863B2280017E6C3 /* XCTest.framework in Frameworks */,
				121F3B171863B2280017E6C3 /* UIKit.framework in Frameworks */,
				121F3B161863B2280017E6C3 /* Foundation.framework in Frameworks */,
			);
			runOnlyForDeploymentPostprocessing = 0;
		};
/* End PBXFrameworksBuildPhase section */

/* Begin PBXGroup section */
		121F3AE31863B2280017E6C3 = {
			isa = PBXGroup;
			children = (
				121F3AF51863B2280017E6C3 /* Weechat */,
				121F3B1A1863B2280017E6C3 /* WeechatTests */,
				121F3AEE1863B2280017E6C3 /* Frameworks */,
				121F3AED1863B2280017E6C3 /* Products */,
				121F3B2F1864CCBC0017E6C3 /* warning.png */,
			);
			sourceTree = "<group>";
		};
		121F3AED1863B2280017E6C3 /* Products */ = {
			isa = PBXGroup;
			children = (
				121F3AEC1863B2280017E6C3 /* Weechat.app */,
				121F3B131863B2280017E6C3 /* WeechatTests.xctest */,
			);
			name = Products;
			sourceTree = "<group>";
		};
		121F3AEE1863B2280017E6C3 /* Frameworks */ = {
			isa = PBXGroup;
			children = (
				120C37EF1866114B00D27EAA /* libz.dylib */,
				121F3B36186545150017E6C3 /* GZIP */,
				121F3AEF1863B2280017E6C3 /* Foundation.framework */,
				121F3AF11863B2280017E6C3 /* CoreGraphics.framework */,
				121F3AF31863B2280017E6C3 /* UIKit.framework */,
				121F3B141863B2280017E6C3 /* XCTest.framework */,
			);
			name = Frameworks;
			sourceTree = "<group>";
		};
		121F3AF51863B2280017E6C3 /* Weechat */ = {
			isa = PBXGroup;
			children = (
				121F3AFE1863B2280017E6C3 /* AppDelegate.h */,
				121F3AFF1863B2280017E6C3 /* AppDelegate.m */,
				121F3B011863B2280017E6C3 /* Main_iPhone.storyboard */,
				121F3B041863B2280017E6C3 /* Main_iPad.storyboard */,
				121F3B3318650C120017E6C3 /* WeechatRelayHandler.h */,
				121F3B3418650C120017E6C3 /* WeechatRelayHandler.m */,
				121F3B2A1864AD0E0017E6C3 /* SettingsViewController.h */,
				121F3B2B1864AD0E0017E6C3 /* SettingsViewController.m */,
				121F3B071863B2280017E6C3 /* MasterViewController.h */,
				121F3B081863B2280017E6C3 /* MasterViewController.m */,
				121F3B0A1863B2280017E6C3 /* DetailViewController.h */,
				121F3B0B1863B2280017E6C3 /* DetailViewController.m */,
				121F3B0D1863B2280017E6C3 /* Images.xcassets */,
				121F3AF61863B2280017E6C3 /* Supporting Files */,
			);
			path = Weechat;
			sourceTree = "<group>";
		};
		121F3AF61863B2280017E6C3 /* Supporting Files */ = {
			isa = PBXGroup;
			children = (
				121F3B311864DA4C0017E6C3 /* Settings.bundle */,
				121F3AF71863B2280017E6C3 /* Weechat-Info.plist */,
				121F3AF81863B2280017E6C3 /* InfoPlist.strings */,
				121F3AFB1863B2280017E6C3 /* main.m */,
				121F3AFD1863B2280017E6C3 /* Weechat-Prefix.pch */,
			);
			name = "Supporting Files";
			sourceTree = "<group>";
		};
		121F3B1A1863B2280017E6C3 /* WeechatTests */ = {
			isa = PBXGroup;
			children = (
				121F3B201863B2280017E6C3 /* WeechatTests.m */,
				121F3B1B1863B2280017E6C3 /* Supporting Files */,
			);
			path = WeechatTests;
			sourceTree = "<group>";
		};
		121F3B1B1863B2280017E6C3 /* Supporting Files */ = {
			isa = PBXGroup;
			children = (
				121F3B1C1863B2280017E6C3 /* WeechatTests-Info.plist */,
				121F3B1D1863B2280017E6C3 /* InfoPlist.strings */,
			);
			name = "Supporting Files";
			sourceTree = "<group>";
		};
		121F3B36186545150017E6C3 /* GZIP */ = {
			isa = PBXGroup;
			children = (
				121F3B37186545160017E6C3 /* GZIP.h */,
				121F3B38186545160017E6C3 /* GZIP.m */,
			);
			name = GZIP;
			path = GZIP/GZIP;
			sourceTree = "<group>";
		};
/* End PBXGroup section */

/* Begin PBXNativeTarget section */
		121F3AEB1863B2280017E6C3 /* Weechat */ = {
			isa = PBXNativeTarget;
			buildConfigurationList = 121F3B241863B2280017E6C3 /* Build configuration list for PBXNativeTarget "Weechat" */;
			buildPhases = (
				121F3AE81863B2280017E6C3 /* Sources */,
				121F3AE91863B2280017E6C3 /* Frameworks */,
				121F3AEA1863B2280017E6C3 /* Resources */,
			);
			buildRules = (
			);
			dependencies = (
			);
			name = Weechat;
			productName = Weechat;
			productReference = 121F3AEC1863B2280017E6C3 /* Weechat.app */;
			productType = "com.apple.product-type.application";
		};
		121F3B121863B2280017E6C3 /* WeechatTests */ = {
			isa = PBXNativeTarget;
			buildConfigurationList = 121F3B271863B2280017E6C3 /* Build configuration list for PBXNativeTarget "WeechatTests" */;
			buildPhases = (
				121F3B0F1863B2280017E6C3 /* Sources */,
				121F3B101863B2280017E6C3 /* Frameworks */,
				121F3B111863B2280017E6C3 /* Resources */,
			);
			buildRules = (
			);
			dependencies = (
				121F3B191863B2280017E6C3 /* PBXTargetDependency */,
			);
			name = WeechatTests;
			productName = WeechatTests;
			productReference = 121F3B131863B2280017E6C3 /* WeechatTests.xctest */;
			productType = "com.apple.product-type.bundle.unit-test";
		};
/* End PBXNativeTarget section */

/* Begin PBXProject section */
		121F3AE41863B2280017E6C3 /* Project object */ = {
			isa = PBXProject;
			attributes = {
				LastUpgradeCheck = 0500;
				ORGANIZATIONNAME = Hlidskialf;
				TargetAttributes = {
					121F3B121863B2280017E6C3 = {
						TestTargetID = 121F3AEB1863B2280017E6C3;
					};
				};
			};
			buildConfigurationList = 121F3AE71863B2280017E6C3 /* Build configuration list for PBXProject "Weechat" */;
			compatibilityVersion = "Xcode 3.2";
			developmentRegion = English;
			hasScannedForEncodings = 0;
			knownRegions = (
				en,
				Base,
			);
			mainGroup = 121F3AE31863B2280017E6C3;
			productRefGroup = 121F3AED1863B2280017E6C3 /* Products */;
			projectDirPath = "";
			projectRoot = "";
			targets = (
				121F3AEB1863B2280017E6C3 /* Weechat */,
				121F3B121863B2280017E6C3 /* WeechatTests */,
			);
		};
/* End PBXProject section */

/* Begin PBXResourcesBuildPhase section */
		121F3AEA1863B2280017E6C3 /* Resources */ = {
			isa = PBXResourcesBuildPhase;
			buildActionMask = 2147483647;
			files = (
				121F3B301864CCBC0017E6C3 /* warning.png in Resources */,
				121F3B061863B2280017E6C3 /* Main_iPad.storyboard in Resources */,
				121F3B0E1863B2280017E6C3 /* Images.xcassets in Resources */,
				121F3B031863B2280017E6C3 /* Main_iPhone.storyboard in Resources */,
				121F3B321864DA4C0017E6C3 /* Settings.bundle in Resources */,
				121F3AFA1863B2280017E6C3 /* InfoPlist.strings in Resources */,
			);
			runOnlyForDeploymentPostprocessing = 0;
		};
		121F3B111863B2280017E6C3 /* Resources */ = {
			isa = PBXResourcesBuildPhase;
			buildActionMask = 2147483647;
			files = (
				121F3B1F1863B2280017E6C3 /* InfoPlist.strings in Resources */,
			);
			runOnlyForDeploymentPostprocessing = 0;
		};
/* End PBXResourcesBuildPhase section */

/* Begin PBXSourcesBuildPhase section */
		121F3AE81863B2280017E6C3 /* Sources */ = {
			isa = PBXSourcesBuildPhase;
			buildActionMask = 2147483647;
			files = (
				121F3B39186545160017E6C3 /* GZIP.m in Sources */,
				121F3B001863B2280017E6C3 /* AppDelegate.m in Sources */,
				121F3B091863B2280017E6C3 /* MasterViewController.m in Sources */,
				121F3B3518650C120017E6C3 /* WeechatRelayHandler.m in Sources */,
				121F3B2C1864AD0E0017E6C3 /* SettingsViewController.m in Sources */,
				121F3AFC1863B2280017E6C3 /* main.m in Sources */,
				121F3B0C1863B2280017E6C3 /* DetailViewController.m in Sources */,
			);
			runOnlyForDeploymentPostprocessing = 0;
		};
		121F3B0F1863B2280017E6C3 /* Sources */ = {
			isa = PBXSourcesBuildPhase;
			buildActionMask = 2147483647;
			files = (
				121F3B211863B2280017E6C3 /* WeechatTests.m in Sources */,
			);
			runOnlyForDeploymentPostprocessing = 0;
		};
/* End PBXSourcesBuildPhase section */

/* Begin PBXTargetDependency section */
		121F3B191863B2280017E6C3 /* PBXTargetDependency */ = {
			isa = PBXTargetDependency;
			target = 121F3AEB1863B2280017E6C3 /* Weechat */;
			targetProxy = 121F3B181863B2280017E6C3 /* PBXContainerItemProxy */;
		};
/* End PBXTargetDependency section */

/* Begin PBXVariantGroup section */
		121F3AF81863B2280017E6C3 /* InfoPlist.strings */ = {
			isa = PBXVariantGroup;
			children = (
				121F3AF91863B2280017E6C3 /* en */,
			);
			name = InfoPlist.strings;
			sourceTree = "<group>";
		};
		121F3B011863B2280017E6C3 /* Main_iPhone.storyboard */ = {
			isa = PBXVariantGroup;
			children = (
				121F3B021863B2280017E6C3 /* Base */,
			);
			name = Main_iPhone.storyboard;
			sourceTree = "<group>";
		};
		121F3B041863B2280017E6C3 /* Main_iPad.storyboard */ = {
			isa = PBXVariantGroup;
			children = (
				121F3B051863B2280017E6C3 /* Base */,
			);
			name = Main_iPad.storyboard;
			sourceTree = "<group>";
		};
		121F3B1D1863B2280017E6C3 /* InfoPlist.strings */ = {
			isa = PBXVariantGroup;
			children = (
				121F3B1E1863B2280017E6C3 /* en */,
			);
			name = InfoPlist.strings;
			sourceTree = "<group>";
		};
/* End PBXVariantGroup section */

/* Begin XCBuildConfiguration section */
		121F3B221863B2280017E6C3 /* Debug */ = {
			isa = XCBuildConfiguration;
			buildSettings = {
				ALWAYS_SEARCH_USER_PATHS = NO;
				ARCHS = "$(ARCHS_STANDARD_INCLUDING_64_BIT)";
				CLANG_CXX_LANGUAGE_STANDARD = "gnu++0x";
				CLANG_CXX_LIBRARY = "libc++";
				CLANG_ENABLE_MODULES = YES;
				CLANG_ENABLE_OBJC_ARC = YES;
				CLANG_WARN_BOOL_CONVERSION = YES;
				CLANG_WARN_CONSTANT_CONVERSION = YES;
				CLANG_WARN_DIRECT_OBJC_ISA_USAGE = YES_ERROR;
				CLANG_WARN_EMPTY_BODY = YES;
				CLANG_WARN_ENUM_CONVERSION = YES;
				CLANG_WARN_INT_CONVERSION = YES;
				CLANG_WARN_OBJC_ROOT_CLASS = YES_ERROR;
				CLANG_WARN__DUPLICATE_METHOD_MATCH = YES;
				"CODE_SIGN_IDENTITY[sdk=iphoneos*]" = "iPhone Developer";
				COPY_PHASE_STRIP = NO;
				GCC_C_LANGUAGE_STANDARD = gnu99;
				GCC_DYNAMIC_NO_PIC = NO;
				GCC_OPTIMIZATION_LEVEL = 0;
				GCC_PREPROCESSOR_DEFINITIONS = (
					"DEBUG=1",
					"$(inherited)",
				);
				GCC_SYMBOLS_PRIVATE_EXTERN = NO;
				GCC_WARN_64_TO_32_BIT_CONVERSION = YES;
				GCC_WARN_ABOUT_RETURN_TYPE = YES_ERROR;
				GCC_WARN_UNDECLARED_SELECTOR = YES;
				GCC_WARN_UNINITIALIZED_AUTOS = YES;
				GCC_WARN_UNUSED_FUNCTION = YES;
				GCC_WARN_UNUSED_VARIABLE = YES;
				IPHONEOS_DEPLOYMENT_TARGET = 7.0;
				ONLY_ACTIVE_ARCH = YES;
				SDKROOT = iphoneos;
				TARGETED_DEVICE_FAMILY = "1,2";
			};
			name = Debug;
		};
		121F3B231863B2280017E6C3 /* Release */ = {
			isa = XCBuildConfiguration;
			buildSettings = {
				ALWAYS_SEARCH_USER_PATHS = NO;
				ARCHS = "$(ARCHS_STANDARD_INCLUDING_64_BIT)";
				CLANG_CXX_LANGUAGE_STANDARD = "gnu++0x";
				CLANG_CXX_LIBRARY = "libc++";
				CLANG_ENABLE_MODULES = YES;
				CLANG_ENABLE_OBJC_ARC = YES;
				CLANG_WARN_BOOL_CONVERSION = YES;
				CLANG_WARN_CONSTANT_CONVERSION = YES;
				CLANG_WARN_DIRECT_OBJC_ISA_USAGE = YES_ERROR;
				CLANG_WARN_EMPTY_BODY = YES;
				CLANG_WARN_ENUM_CONVERSION = YES;
				CLANG_WARN_INT_CONVERSION = YES;
				CLANG_WARN_OBJC_ROOT_CLASS = YES_ERROR;
				CLANG_WARN__DUPLICATE_METHOD_MATCH = YES;
				"CODE_SIGN_IDENTITY[sdk=iphoneos*]" = "iPhone Developer";
				COPY_PHASE_STRIP = YES;
				ENABLE_NS_ASSERTIONS = NO;
				GCC_C_LANGUAGE_STANDARD = gnu99;
				GCC_WARN_64_TO_32_BIT_CONVERSION = YES;
				GCC_WARN_ABOUT_RETURN_TYPE = YES_ERROR;
				GCC_WARN_UNDECLARED_SELECTOR = YES;
				GCC_WARN_UNINITIALIZED_AUTOS = YES;
				GCC_WARN_UNUSED_FUNCTION = YES;
				GCC_WARN_UNUSED_VARIABLE = YES;
				IPHONEOS_DEPLOYMENT_TARGET = 7.0;
				SDKROOT = iphoneos;
				TARGETED_DEVICE_FAMILY = "1,2";
				VALIDATE_PRODUCT = YES;
			};
			name = Release;
		};
		121F3B251863B2280017E6C3 /* Debug */ = {
			isa = XCBuildConfiguration;
			buildSettings = {
				ASSETCATALOG_COMPILER_APPICON_NAME = AppIcon;
				ASSETCATALOG_COMPILER_LAUNCHIMAGE_NAME = LaunchImage;
				GCC_PRECOMPILE_PREFIX_HEADER = YES;
				GCC_PREFIX_HEADER = "Weechat/Weechat-Prefix.pch";
				INFOPLIST_FILE = "Weechat/Weechat-Info.plist";
				PRODUCT_NAME = "$(TARGET_NAME)";
				WRAPPER_EXTENSION = app;
			};
			name = Debug;
		};
		121F3B261863B2280017E6C3 /* Release */ = {
			isa = XCBuildConfiguration;
			buildSettings = {
				ASSETCATALOG_COMPILER_APPICON_NAME = AppIcon;
				ASSETCATALOG_COMPILER_LAUNCHIMAGE_NAME = LaunchImage;
				GCC_PRECOMPILE_PREFIX_HEADER = YES;
				GCC_PREFIX_HEADER = "Weechat/Weechat-Prefix.pch";
				INFOPLIST_FILE = "Weechat/Weechat-Info.plist";
				PRODUCT_NAME = "$(TARGET_NAME)";
				WRAPPER_EXTENSION = app;
			};
			name = Release;
		};
		121F3B281863B2280017E6C3 /* Debug */ = {
			isa = XCBuildConfiguration;
			buildSettings = {
				ARCHS = "$(ARCHS_STANDARD_INCLUDING_64_BIT)";
				BUNDLE_LOADER = "$(BUILT_PRODUCTS_DIR)/Weechat.app/Weechat";
				FRAMEWORK_SEARCH_PATHS = (
					"$(SDKROOT)/Developer/Library/Frameworks",
					"$(inherited)",
					"$(DEVELOPER_FRAMEWORKS_DIR)",
				);
				GCC_PRECOMPILE_PREFIX_HEADER = YES;
				GCC_PREFIX_HEADER = "Weechat/Weechat-Prefix.pch";
				GCC_PREPROCESSOR_DEFINITIONS = (
					"DEBUG=1",
					"$(inherited)",
				);
				INFOPLIST_FILE = "WeechatTests/WeechatTests-Info.plist";
				PRODUCT_NAME = "$(TARGET_NAME)";
				TEST_HOST = "$(BUNDLE_LOADER)";
				WRAPPER_EXTENSION = xctest;
			};
			name = Debug;
		};
		121F3B291863B2280017E6C3 /* Release */ = {
			isa = XCBuildConfiguration;
			buildSettings = {
				ARCHS = "$(ARCHS_STANDARD_INCLUDING_64_BIT)";
				BUNDLE_LOADER = "$(BUILT_PRODUCTS_DIR)/Weechat.app/Weechat";
				FRAMEWORK_SEARCH_PATHS = (
					"$(SDKROOT)/Developer/Library/Frameworks",
					"$(inherited)",
					"$(DEVELOPER_FRAMEWORKS_DIR)",
				);
				GCC_PRECOMPILE_PREFIX_HEADER = YES;
				GCC_PREFIX_HEADER = "Weechat/Weechat-Prefix.pch";
				INFOPLIST_FILE = "WeechatTests/WeechatTests-Info.plist";
				PRODUCT_NAME = "$(TARGET_NAME)";
				TEST_HOST = "$(BUNDLE_LOADER)";
				WRAPPER_EXTENSION = xctest;
			};
			name = Release;
		};
/* End XCBuildConfiguration section */

/* Begin XCConfigurationList section */
		121F3AE71863B2280017E6C3 /* Build configuration list for PBXProject "Weechat" */ = {
			isa = XCConfigurationList;
			buildConfigurations = (
				121F3B221863B2280017E6C3 /* Debug */,
				121F3B231863B2280017E6C3 /* Release */,
			);
			defaultConfigurationIsVisible = 0;
			defaultConfigurationName = Release;
		};
		121F3B241863B2280017E6C3 /* Build configuration list for PBXNativeTarget "Weechat" */ = {
			isa = XCConfigurationList;
			buildConfigurations = (
				121F3B251863B2280017E6C3 /* Debug */,
				121F3B261863B2280017E6C3 /* Release */,
			);
			defaultConfigurationIsVisible = 0;
			defaultConfigurationName = Release;
		};
		121F3B271863B2280017E6C3 /* Build configuration list for PBXNativeTarget "WeechatTests" */ = {
			isa = XCConfigurationList;
			buildConfigurations = (
				121F3B281863B2280017E6C3 /* Debug */,
				121F3B291863B2280017E6C3 /* Release */,
			);
			defaultConfigurationIsVisible = 0;
			defaultConfigurationName = Release;
		};
/* End XCConfigurationList section */
	};
	rootObject = 121F3AE41863B2280017E6C3 /* Project object */;
}
